
Microsoft Visual Studio Solution File, Format Version 12.00
# Visual Studio Version 17
VisualStudioVersion = 17.4.33205.214
MinimumVisualStudioVersion = 10.0.40219.1
Project("{FAE04EC0-301F-11D3-BF4B-00C04F79EFBC}") = "Minesweeper", "Minesweeper\Minesweeper.csproj", "{8E96B6B4-F357-48BD-9056-8D86F760C2A9}"
EndProject
Project("{FAE04EC0-301F-11D3-BF4B-00C04F79EFBC}") = "MinesweeperGameTests", "MinesweeperGameTests\MinesweeperGameTests.csproj", "{E25FEC2C-941B-4B07-8954-BAE4AF38C34E}"
EndProject
Global
	GlobalSection(SolutionConfigurationPlatforms) = preSolution
		Debug|Any CPU = Debug|Any CPU
		Release|Any CPU = Release|Any CPU
	EndGlobalSection
	GlobalSection(ProjectConfigurationPlatforms) = postSolution
		{8E96B6B4-F357-48BD-9056-8D86F760C2A9}.Debug|Any CPU.ActiveCfg = Debug|Any CPU
		{8E96B6B4-F357-48BD-9056-8D86F760C2A9}.Debug|Any CPU.Build.0 = Debug|Any CPU
		{8E96B6B4-F357-48BD-9056-8D86F760C2A9}.Release|Any CPU.ActiveCfg = Release|Any CPU
		{8E96B6B4-F357-48BD-9056-8D86F760C2A9}.Release|Any CPU.Build.0 = Release|Any CPU
		{E25FEC2C-941B-4B07-8954-BAE4AF38C34E}.Debug|Any CPU.ActiveCfg = Debug|Any CPU
		{E25FEC2C-941B-4B07-8954-BAE4AF38C34E}.Debug|Any CPU.Build.0 = Debug|Any CPU
		{E25FEC2C-941B-4B07-8954-BAE4AF38C34E}.Release|Any CPU.ActiveCfg = Release|Any CPU
		{E25FEC2C-941B-4B07-8954-BAE4AF38C34E}.Release|Any CPU.Build.0 = Release|Any CPU
	EndGlobalSection
	GlobalSection(SolutionProperties) = preSolution
		HideSolutionNode = FALSE
	EndGlobalSection
	GlobalSection(ExtensibilityGlobals) = postSolution
		SolutionGuid = {A43C007B-838F-4A57-93F7-02A3E296ACAC}
	EndGlobalSection
EndGlobal
